schema: '2.0'
stages:
  train_supervised:
    cmd: "python src/train.py --data-path data/processed/iris.csv --target-column
      target --test-size 0.2 --validation-size 0.1 --random-state 42 --n-estimators
      100 --max-depth 10 --experiment-name iris-classification-4 --model-name iris-classifier-4
      --strict-git false\n"
    deps:
    - path: data/processed/iris.csv
      hash: md5
      md5: 379e163256d26b0c5fe9b04852a76b1b
      size: 11430
    - path: src/data_loaders/
      hash: md5
      md5: b8ef8fd14b31f7ca8a54d0c6158d17cc.dir
      size: 104809
      nfiles: 10
    - path: src/train.py
      hash: md5
      md5: 3e7a82bd06c27447290733a2835e9eac
      size: 6141
    - path: src/utils.py
      hash: md5
      md5: f5cad18171d2a59395e1d47d501ddbc9
      size: 3057
    params:
      params.yaml:
        data.path: data/processed/iris.csv
        data.random_state: 42
        data.test_size: 0.2
        data.validation_size: 0.1
        mlflow.experiment_name: iris-classification-4
        mlflow.model_name: iris-classifier-4
        supervised.model.max_depth: 10
        supervised.model.n_estimators: 100
        supervised.target_column: target
    outs:
    - path: metrics.json
      hash: md5
      md5: ba11a1b8c9acc8034e4c2ed07a050288
      size: 49
